
Microsoft Visual Studio Solution File, Format Version 12.00
# Visual Studio 15
VisualStudioVersion = 15.0.27703.2047
MinimumVisualStudioVersion = 10.0.40219.1
Project("{FAE04EC0-301F-11D3-BF4B-00C04F79EFBC}") = "Ejercicio34", "Ejercicio34\Ejercicio34.csproj", "{7779FE1A-5494-4FE8-801B-7E837F52B18D}"
EndProject
Project("{FAE04EC0-301F-11D3-BF4B-00C04F79EFBC}") = "VehiculoTerrestre", "VehiculoTerrestre\VehiculoTerrestre.csproj", "{D428A589-CE24-4A6C-A741-84E63F83CE77}"
EndProject
Global
	GlobalSection(SolutionConfigurationPlatforms) = preSolution
		Debug|Any CPU = Debug|Any CPU
		Release|Any CPU = Release|Any CPU
	EndGlobalSection
	GlobalSection(ProjectConfigurationPlatforms) = postSolution
		{7779FE1A-5494-4FE8-801B-7E837F52B18D}.Debug|Any CPU.ActiveCfg = Debug|Any CPU
		{7779FE1A-5494-4FE8-801B-7E837F52B18D}.Debug|Any CPU.Build.0 = Debug|Any CPU
		{7779FE1A-5494-4FE8-801B-7E837F52B18D}.Release|Any CPU.ActiveCfg = Release|Any CPU
		{7779FE1A-5494-4FE8-801B-7E837F52B18D}.Release|Any CPU.Build.0 = Release|Any CPU
		{D428A589-CE24-4A6C-A741-84E63F83CE77}.Debug|Any CPU.ActiveCfg = Debug|Any CPU
		{D428A589-CE24-4A6C-A741-84E63F83CE77}.Debug|Any CPU.Build.0 = Debug|Any CPU
		{D428A589-CE24-4A6C-A741-84E63F83CE77}.Release|Any CPU.ActiveCfg = Release|Any CPU
		{D428A589-CE24-4A6C-A741-84E63F83CE77}.Release|Any CPU.Build.0 = Release|Any CPU
	EndGlobalSection
	GlobalSection(SolutionProperties) = preSolution
		HideSolutionNode = FALSE
	EndGlobalSection
	GlobalSection(ExtensibilityGlobals) = postSolution
		SolutionGuid = {CA0508BA-2FD0-4D64-AA69-53955F366A87}
	EndGlobalSection
EndGlobal
